
Microsoft Visual Studio Solution File, Format Version 12.00
# Visual Studio 15
VisualStudioVersion = 15.0.26430.13
MinimumVisualStudioVersion = 10.0.40219.1
Project("{FAE04EC0-301F-11D3-BF4B-00C04F79EFBC}") = "AppCognitive.Android", "AppCognitive\AppCognitive.Android\AppCognitive.Android.csproj", "{2EB7AE6D-F3EC-4161-BFC1-6D8D9CC69B67}"
EndProject
Project("{FAE04EC0-301F-11D3-BF4B-00C04F79EFBC}") = "AppCognitive", "AppCognitive\AppCognitive\AppCognitive.csproj", "{ADEDD369-FB2E-4F6A-B608-0142A0D9B863}"
EndProject
Project("{FAE04EC0-301F-11D3-BF4B-00C04F79EFBC}") = "AppCognitive.iOS", "AppCognitive\AppCognitive.iOS\AppCognitive.iOS.csproj", "{19BDF9C5-999A-48F9-AE72-0421B95FD1A4}"
EndProject
Global
	GlobalSection(SolutionConfigurationPlatforms) = preSolution
		Ad-Hoc|Any CPU = Ad-Hoc|Any CPU
		Ad-Hoc|iPhone = Ad-Hoc|iPhone
		Ad-Hoc|iPhoneSimulator = Ad-Hoc|iPhoneSimulator
		AppStore|Any CPU = AppStore|Any CPU
		AppStore|iPhone = AppStore|iPhone
		AppStore|iPhoneSimulator = AppStore|iPhoneSimulator
		Debug|Any CPU = Debug|Any CPU
		Debug|iPhone = Debug|iPhone
		Debug|iPhoneSimulator = Debug|iPhoneSimulator
		Release|Any CPU = Release|Any CPU
		Release|iPhone = Release|iPhone
		Release|iPhoneSimulator = Release|iPhoneSimulator
	EndGlobalSection
	GlobalSection(ProjectConfigurationPlatforms) = postSolution
		{2EB7AE6D-F3EC-4161-BFC1-6D8D9CC69B67}.Ad-Hoc|Any CPU.ActiveCfg = Release|Any CPU
		{2EB7AE6D-F3EC-4161-BFC1-6D8D9CC69B67}.Ad-Hoc|Any CPU.Build.0 = Release|Any CPU
		{2EB7AE6D-F3EC-4161-BFC1-6D8D9CC69B67}.Ad-Hoc|Any CPU.Deploy.0 = Release|Any CPU
		{2EB7AE6D-F3EC-4161-BFC1-6D8D9CC69B67}.Ad-Hoc|iPhone.ActiveCfg = Release|Any CPU
		{2EB7AE6D-F3EC-4161-BFC1-6D8D9CC69B67}.Ad-Hoc|iPhone.Build.0 = Release|Any CPU
		{2EB7AE6D-F3EC-4161-BFC1-6D8D9CC69B67}.Ad-Hoc|iPhone.Deploy.0 = Release|Any CPU
		{2EB7AE6D-F3EC-4161-BFC1-6D8D9CC69B67}.Ad-Hoc|iPhoneSimulator.ActiveCfg = Release|Any CPU
		{2EB7AE6D-F3EC-4161-BFC1-6D8D9CC69B67}.Ad-Hoc|iPhoneSimulator.Build.0 = Release|Any CPU
		{2EB7AE6D-F3EC-4161-BFC1-6D8D9CC69B67}.Ad-Hoc|iPhoneSimulator.Deploy.0 = Release|Any CPU
		{2EB7AE6D-F3EC-4161-BFC1-6D8D9CC69B67}.AppStore|Any CPU.ActiveCfg = Release|Any CPU
		{2EB7AE6D-F3EC-4161-BFC1-6D8D9CC69B67}.AppStore|Any CPU.Build.0 = Release|Any CPU
		{2EB7AE6D-F3EC-4161-BFC1-6D8D9CC69B67}.AppStore|Any CPU.Deploy.0 = Release|Any CPU
		{2EB7AE6D-F3EC-4161-BFC1-6D8D9CC69B67}.AppStore|iPhone.ActiveCfg = Release|Any CPU
		{2EB7AE6D-F3EC-4161-BFC1-6D8D9CC69B67}.AppStore|iPhone.Build.0 = Release|Any CPU
		{2EB7AE6D-F3EC-4161-BFC1-6D8D9CC69B67}.AppStore|iPhone.Deploy.0 = Release|Any CPU
		{2EB7AE6D-F3EC-4161-BFC1-6D8D9CC69B67}.AppStore|iPhoneSimulator.ActiveCfg = Release|Any CPU
		{2EB7AE6D-F3EC-4161-BFC1-6D8D9CC69B67}.AppStore|iPhoneSimulator.Build.0 = Release|Any CPU
		{2EB7AE6D-F3EC-4161-BFC1-6D8D9CC69B67}.AppStore|iPhoneSimulator.Deploy.0 = Release|Any CPU
		{2EB7AE6D-F3EC-4161-BFC1-6D8D9CC69B67}.Debug|Any CPU.ActiveCfg = Debug|Any CPU
		{2EB7AE6D-F3EC-4161-BFC1-6D8D9CC69B67}.Debug|Any CPU.Build.0 = Debug|Any CPU
		{2EB7AE6D-F3EC-4161-BFC1-6D8D9CC69B67}.Debug|Any CPU.Deploy.0 = Debug|Any CPU
		{2EB7AE6D-F3EC-4161-BFC1-6D8D9CC69B67}.Debug|iPhone.ActiveCfg = Debug|Any CPU
		{2EB7AE6D-F3EC-4161-BFC1-6D8D9CC69B67}.Debug|iPhone.Build.0 = Debug|Any CPU
		{2EB7AE6D-F3EC-4161-BFC1-6D8D9CC69B67}.Debug|iPhone.Deploy.0 = Debug|Any CPU
		{2EB7AE6D-F3EC-4161-BFC1-6D8D9CC69B67}.Debug|iPhoneSimulator.ActiveCfg = Debug|Any CPU
		{2EB7AE6D-F3EC-4161-BFC1-6D8D9CC69B67}.Debug|iPhoneSimulator.Build.0 = Debug|Any CPU
		{2EB7AE6D-F3EC-4161-BFC1-6D8D9CC69B67}.Debug|iPhoneSimulator.Deploy.0 = Debug|Any CPU
		{2EB7AE6D-F3EC-4161-BFC1-6D8D9CC69B67}.Release|Any CPU.ActiveCfg = Release|Any CPU
		{2EB7AE6D-F3EC-4161-BFC1-6D8D9CC69B67}.Release|Any CPU.Build.0 = Release|Any CPU
		{2EB7AE6D-F3EC-4161-BFC1-6D8D9CC69B67}.Release|Any CPU.Deploy.0 = Release|Any CPU
		{2EB7AE6D-F3EC-4161-BFC1-6D8D9CC69B67}.Release|iPhone.ActiveCfg = Release|Any CPU
		{2EB7AE6D-F3EC-4161-BFC1-6D8D9CC69B67}.Release|iPhone.Build.0 = Release|Any CPU
		{2EB7AE6D-F3EC-4161-BFC1-6D8D9CC69B67}.Release|iPhone.Deploy.0 = Release|Any CPU
		{2EB7AE6D-F3EC-4161-BFC1-6D8D9CC69B67}.Release|iPhoneSimulator.ActiveCfg = Release|Any CPU
		{2EB7AE6D-F3EC-4161-BFC1-6D8D9CC69B67}.Release|iPhoneSimulator.Build.0 = Release|Any CPU
		{2EB7AE6D-F3EC-4161-BFC1-6D8D9CC69B67}.Release|iPhoneSimulator.Deploy.0 = Release|Any CPU
		{ADEDD369-FB2E-4F6A-B608-0142A0D9B863}.Ad-Hoc|Any CPU.ActiveCfg = Release|Any CPU
		{ADEDD369-FB2E-4F6A-B608-0142A0D9B863}.Ad-Hoc|Any CPU.Build.0 = Release|Any CPU
		{ADEDD369-FB2E-4F6A-B608-0142A0D9B863}.Ad-Hoc|iPhone.ActiveCfg = Release|Any CPU
		{ADEDD369-FB2E-4F6A-B608-0142A0D9B863}.Ad-Hoc|iPhone.Build.0 = Release|Any CPU
		{ADEDD369-FB2E-4F6A-B608-0142A0D9B863}.Ad-Hoc|iPhoneSimulator.ActiveCfg = Release|Any CPU
		{ADEDD369-FB2E-4F6A-B608-0142A0D9B863}.Ad-Hoc|iPhoneSimulator.Build.0 = Release|Any CPU
		{ADEDD369-FB2E-4F6A-B608-0142A0D9B863}.AppStore|Any CPU.ActiveCfg = Release|Any CPU
		{ADEDD369-FB2E-4F6A-B608-0142A0D9B863}.AppStore|Any CPU.Build.0 = Release|Any CPU
		{ADEDD369-FB2E-4F6A-B608-0142A0D9B863}.AppStore|iPhone.ActiveCfg = Release|Any CPU
		{ADEDD369-FB2E-4F6A-B608-0142A0D9B863}.AppStore|iPhone.Build.0 = Release|Any CPU
		{ADEDD369-FB2E-4F6A-B608-0142A0D9B863}.AppStore|iPhoneSimulator.ActiveCfg = Release|Any CPU
		{ADEDD369-FB2E-4F6A-B608-0142A0D9B863}.AppStore|iPhoneSimulator.Build.0 = Release|Any CPU
		{ADEDD369-FB2E-4F6A-B608-0142A0D9B863}.Debug|Any CPU.ActiveCfg = Debug|Any CPU
		{ADEDD369-FB2E-4F6A-B608-0142A0D9B863}.Debug|Any CPU.Build.0 = Debug|Any CPU
		{ADEDD369-FB2E-4F6A-B608-0142A0D9B863}.Debug|iPhone.ActiveCfg = Debug|Any CPU
		{ADEDD369-FB2E-4F6A-B608-0142A0D9B863}.Debug|iPhone.Build.0 = Debug|Any CPU
		{ADEDD369-FB2E-4F6A-B608-0142A0D9B863}.Debug|iPhoneSimulator.ActiveCfg = Debug|Any CPU
		{ADEDD369-FB2E-4F6A-B608-0142A0D9B863}.Debug|iPhoneSimulator.Build.0 = Debug|Any CPU
		{ADEDD369-FB2E-4F6A-B608-0142A0D9B863}.Release|Any CPU.ActiveCfg = Release|Any CPU
		{ADEDD369-FB2E-4F6A-B608-0142A0D9B863}.Release|Any CPU.Build.0 = Release|Any CPU
		{ADEDD369-FB2E-4F6A-B608-0142A0D9B863}.Release|iPhone.ActiveCfg = Release|Any CPU
		{ADEDD369-FB2E-4F6A-B608-0142A0D9B863}.Release|iPhone.Build.0 = Release|Any CPU
		{ADEDD369-FB2E-4F6A-B608-0142A0D9B863}.Release|iPhoneSimulator.ActiveCfg = Release|Any CPU
		{ADEDD369-FB2E-4F6A-B608-0142A0D9B863}.Release|iPhoneSimulator.Build.0 = Release|Any CPU
		{19BDF9C5-999A-48F9-AE72-0421B95FD1A4}.Ad-Hoc|Any CPU.ActiveCfg = Ad-Hoc|iPhone
		{19BDF9C5-999A-48F9-AE72-0421B95FD1A4}.Ad-Hoc|iPhone.ActiveCfg = Ad-Hoc|iPhone
		{19BDF9C5-999A-48F9-AE72-0421B95FD1A4}.Ad-Hoc|iPhone.Build.0 = Ad-Hoc|iPhone
		{19BDF9C5-999A-48F9-AE72-0421B95FD1A4}.Ad-Hoc|iPhoneSimulator.ActiveCfg = Ad-Hoc|iPhoneSimulator
		{19BDF9C5-999A-48F9-AE72-0421B95FD1A4}.Ad-Hoc|iPhoneSimulator.Build.0 = Ad-Hoc|iPhoneSimulator
		{19BDF9C5-999A-48F9-AE72-0421B95FD1A4}.AppStore|Any CPU.ActiveCfg = AppStore|iPhone
		{19BDF9C5-999A-48F9-AE72-0421B95FD1A4}.AppStore|iPhone.ActiveCfg = AppStore|iPhone
		{19BDF9C5-999A-48F9-AE72-0421B95FD1A4}.AppStore|iPhone.Build.0 = AppStore|iPhone
		{19BDF9C5-999A-48F9-AE72-0421B95FD1A4}.AppStore|iPhoneSimulator.ActiveCfg = AppStore|iPhoneSimulator
		{19BDF9C5-999A-48F9-AE72-0421B95FD1A4}.AppStore|iPhoneSimulator.Build.0 = AppStore|iPhoneSimulator
		{19BDF9C5-999A-48F9-AE72-0421B95FD1A4}.Debug|Any CPU.ActiveCfg = Debug|iPhone
		{19BDF9C5-999A-48F9-AE72-0421B95FD1A4}.Debug|iPhone.ActiveCfg = Debug|iPhone
		{19BDF9C5-999A-48F9-AE72-0421B95FD1A4}.Debug|iPhone.Build.0 = Debug|iPhone
		{19BDF9C5-999A-48F9-AE72-0421B95FD1A4}.Debug|iPhoneSimulator.ActiveCfg = Debug|iPhoneSimulator
		{19BDF9C5-999A-48F9-AE72-0421B95FD1A4}.Debug|iPhoneSimulator.Build.0 = Debug|iPhoneSimulator
		{19BDF9C5-999A-48F9-AE72-0421B95FD1A4}.Release|Any CPU.ActiveCfg = Release|iPhone
		{19BDF9C5-999A-48F9-AE72-0421B95FD1A4}.Release|iPhone.ActiveCfg = Release|iPhone
		{19BDF9C5-999A-48F9-AE72-0421B95FD1A4}.Release|iPhone.Build.0 = Release|iPhone
		{19BDF9C5-999A-48F9-AE72-0421B95FD1A4}.Release|iPhoneSimulator.ActiveCfg = Release|iPhoneSimulator
		{19BDF9C5-999A-48F9-AE72-0421B95FD1A4}.Release|iPhoneSimulator.Build.0 = Release|iPhoneSimulator
	EndGlobalSection
	GlobalSection(SolutionProperties) = preSolution
		HideSolutionNode = FALSE
	EndGlobalSection
EndGlobal
